Microsoft Visual Studio Solution File, Format Version 11.00
# Visual Studio 2008

Project("{441D8581-9965-D45D-30DB-E2B8E3F28DCC}") = "Adventure Jam", "Assembly-CSharp.csproj", "{DC1E9440-387F-ABF1-7058-7E00A23DE7B7}"
EndProject
Project("{441D8581-9965-D45D-30DB-E2B8E3F28DCC}") = "Adventure Jam", "Assembly-CSharp-Editor.csproj", "{EE4BE1C4-BD15-F6E6-31F6-E59DF8262A98}"
EndProject
Global
	GlobalSection(SolutionConfigurationPlatforms) = preSolution
		Debug|Any CPU = Debug|Any CPU
		Release|Any CPU = Release|Any CPU
	EndGlobalSection
	GlobalSection(ProjectConfigurationPlatforms) = postSolution
		{DC1E9440-387F-ABF1-7058-7E00A23DE7B7}.Debug|Any CPU.ActiveCfg = Debug|Any CPU
		{DC1E9440-387F-ABF1-7058-7E00A23DE7B7}.Debug|Any CPU.Build.0 = Debug|Any CPU
		{DC1E9440-387F-ABF1-7058-7E00A23DE7B7}.Release|Any CPU.ActiveCfg = Release|Any CPU
		{DC1E9440-387F-ABF1-7058-7E00A23DE7B7}.Release|Any CPU.Build.0 = Release|Any CPU
		{EE4BE1C4-BD15-F6E6-31F6-E59DF8262A98}.Debug|Any CPU.ActiveCfg = Debug|Any CPU
		{EE4BE1C4-BD15-F6E6-31F6-E59DF8262A98}.Debug|Any CPU.Build.0 = Debug|Any CPU
		{EE4BE1C4-BD15-F6E6-31F6-E59DF8262A98}.Release|Any CPU.ActiveCfg = Release|Any CPU
		{EE4BE1C4-BD15-F6E6-31F6-E59DF8262A98}.Release|Any CPU.Build.0 = Release|Any CPU
	EndGlobalSection
	GlobalSection(SolutionProperties) = preSolution
		HideSolutionNode = FALSE
	EndGlobalSection
	GlobalSection(MonoDevelopProperties) = preSolution
		StartupItem = Assembly-CSharp.csproj
	EndGlobalSection
EndGlobal
